
Microsoft Visual Studio Solution File, Format Version 12.00
# Visual Studio Version 17
VisualStudioVersion = 17.7.34031.279
MinimumVisualStudioVersion = 10.0.40219.1
Project("{FAE04EC0-301F-11D3-BF4B-00C04F79EFBC}") = "ProgramApp.API", "ProgramApp.API\ProgramApp.API.csproj", "{860536B1-D484-4BED-B11C-7E0538E9C073}"
EndProject
Global
	GlobalSection(SolutionConfigurationPlatforms) = preSolution
		Debug|Any CPU = Debug|Any CPU
		Release|Any CPU = Release|Any CPU
	EndGlobalSection
	GlobalSection(ProjectConfigurationPlatforms) = postSolution
		{860536B1-D484-4BED-B11C-7E0538E9C073}.Debug|Any CPU.ActiveCfg = Debug|Any CPU
		{860536B1-D484-4BED-B11C-7E0538E9C073}.Debug|Any CPU.Build.0 = Debug|Any CPU
		{860536B1-D484-4BED-B11C-7E0538E9C073}.Release|Any CPU.ActiveCfg = Release|Any CPU
		{860536B1-D484-4BED-B11C-7E0538E9C073}.Release|Any CPU.Build.0 = Release|Any CPU
	EndGlobalSection
	GlobalSection(SolutionProperties) = preSolution
		HideSolutionNode = FALSE
	EndGlobalSection
	GlobalSection(ExtensibilityGlobals) = postSolution
		SolutionGuid = {B8251FBD-1ADE-4655-BB85-8186B5448091}
	EndGlobalSection
EndGlobal
